{
	"name": "mcp-extension-sample",
	"version": "0.0.1",
	"lockfileVersion": 3,
	"requires": true,
	"packages": {
		"": {
			"name": "mcp-extension-sample",
			"version": "0.0.1",
			"hasInstallScript": true,
			"license": "MIT",
			"devDependencies": {
				"@types/node": "^20",
				"@types/vscode": "^1.101.0",
				"@vscode/dts": "^0.4.1",
				"typescript": "^5.8.2"
			},
			"engines": {
				"vscode": "^1.101.0"
			}
		},
		"node_modules/@types/node": {
			"version": "20.19.4",
			"resolved": "https://registry.npmjs.org/@types/node/-/node-20.19.4.tgz",
			"integrity": "sha512-OP+We5WV8Xnbuvw0zC2m4qfB/BJvjyCwtNjhHdJxV1639SGSKrLmJkc3fMnp2Qy8nJyHp8RO6umxELN/dS1/EA==",
			"dev": true,
			"license": "MIT",
			"dependencies": {
				"undici-types": "~6.21.0"
			}
		},
		"node_modules/@types/vscode": {
			"version": "1.101.0",
			"resolved": "https://registry.npmjs.org/@types/vscode/-/vscode-1.101.0.tgz",
			"integrity": "sha512-ZWf0IWa+NGegdW3iU42AcDTFHWW7fApLdkdnBqwYEtHVIBGbTu0ZNQKP/kX3Ds/uMJXIMQNAojHR4vexCEEz5Q==",
			"dev": true,
			"license": "MIT"
		},
		"node_modules/@vscode/dts": {
			"version": "0.4.1",
			"resolved": "https://registry.npmjs.org/@vscode/dts/-/dts-0.4.1.tgz",
			"integrity": "sha512-o8cI5Vqt6S6Y5mCI7yCkSQdiLQaLG5DMUpciJV3zReZwE+dA5KERxSVX8H3cPEhyKw21XwKGmIrg6YmN6M5uZA==",
			"dev": true,
			"license": "MIT",
			"dependencies": {
				"https-proxy-agent": "^7.0.0",
				"minimist": "^1.2.8",
				"prompts": "^2.4.2"
			},
			"bin": {
				"dts": "index.js"
			}
		},
		"node_modules/agent-base": {
			"version": "7.1.3",
			"resolved": "https://registry.npmjs.org/agent-base/-/agent-base-7.1.3.tgz",
			"integrity": "sha512-jRR5wdylq8CkOe6hei19GGZnxM6rBGwFl3Bg0YItGDimvjGtAvdZk4Pu6Cl4u4Igsws4a1fd1Vq3ezrhn4KmFw==",
			"dev": true,
			"license": "MIT",
			"engines": {
				"node": ">= 14"
			}
		},
		"node_modules/debug": {
			"version": "4.4.1",
			"resolved": "https://registry.npmjs.org/debug/-/debug-4.4.1.tgz",
			"integrity": "sha512-KcKCqiftBJcZr++7ykoDIEwSa3XWowTfNPo92BYxjXiyYEVrUQh2aLyhxBCwww+heortUFxEJYcRzosstTEBYQ==",
			"dev": true,
			"license": "MIT",
			"dependencies": {
				"ms": "^2.1.3"
			},
			"engines": {
				"node": ">=6.0"
			},
			"peerDependenciesMeta": {
				"supports-color": {
					"optional": true
				}
			}
		},
		"node_modules/https-proxy-agent": {
			"version": "7.0.6",
			"resolved": "https://registry.npmjs.org/https-proxy-agent/-/https-proxy-agent-7.0.6.tgz",
			"integrity": "sha512-vK9P5/iUfdl95AI+JVyUuIcVtd4ofvtrOr3HNtM2yxC9bnMbEdp3x01OhQNnjb8IJYi38VlTE3mBXwcfvywuSw==",
			"dev": true,
			"license": "MIT",
			"dependencies": {
				"agent-base": "^7.1.2",
				"debug": "4"
			},
			"engines": {
				"node": ">= 14"
			}
		},
		"node_modules/kleur": {
			"version": "3.0.3",
			"resolved": "https://registry.npmjs.org/kleur/-/kleur-3.0.3.tgz",
			"integrity": "sha512-eTIzlVOSUR+JxdDFepEYcBMtZ9Qqdef+rnzWdRZuMbOywu5tO2w2N7rqjoANZ5k9vywhL6Br1VRjUIgTQx4E8w==",
			"dev": true,
			"license": "MIT",
			"engines": {
				"node": ">=6"
			}
		},
		"node_modules/minimist": {
			"version": "1.2.8",
			"resolved": "https://registry.npmjs.org/minimist/-/minimist-1.2.8.tgz",
			"integrity": "sha512-2yyAR8qBkN3YuheJanUpWC5U3bb5osDywNB8RzDVlDwDHbocAJveqqj1u8+SVD7jkWT4yvsHCpWqqWqAxb0zCA==",
			"dev": true,
			"license": "MIT",
			"funding": {
				"url": "https://github.com/sponsors/ljharb"
			}
		},
		"node_modules/ms": {
			"version": "2.1.3",
			"resolved": "https://registry.npmjs.org/ms/-/ms-2.1.3.tgz",
			"integrity": "sha512-6FlzubTLZG3J2a/NVCAleEhjzq5oxgHyaCU9yYXvcLsvoVaHJq/s5xXI6/XXP6tz7R9xAOtHnSO/tXtF3WRTlA==",
			"dev": true,
			"license": "MIT"
		},
		"node_modules/prompts": {
			"version": "2.4.2",
			"resolved": "https://registry.npmjs.org/prompts/-/prompts-2.4.2.tgz",
			"integrity": "sha512-NxNv/kLguCA7p3jE8oL2aEBsrJWgAakBpgmgK6lpPWV+WuOmY6r2/zbAVnP+T8bQlA0nzHXSJSJW0Hq7ylaD2Q==",
			"dev": true,
			"license": "MIT",
			"dependencies": {
				"kleur": "^3.0.3",
				"sisteransi": "^1.0.5"
			},
			"engines": {
				"node": ">= 6"
			}
		},
		"node_modules/sisteransi": {
			"version": "1.0.5",
			"resolved": "https://registry.npmjs.org/sisteransi/-/sisteransi-1.0.5.tgz",
			"integrity": "sha512-bLGGlR1QxBcynn2d5YmDX4MGjlZvy2MRBDRNHLJ8VI6l6+9FUiyTFNJ0IveOSP0bcXgVDPRcfGqA0pjaqUpfVg==",
			"dev": true,
			"license": "MIT"
		},
		"node_modules/typescript": {
			"version": "5.8.3",
			"resolved": "https://registry.npmjs.org/typescript/-/typescript-5.8.3.tgz",
			"integrity": "sha512-p1diW6TqL9L07nNxvRMM7hMMw4c5XOo/1ibL4aAIGmSAt9slTE1Xgw5KWuof2uTOvCg9BY7ZRi+GaF+7sfgPeQ==",
			"dev": true,
			"license": "Apache-2.0",
			"bin": {
				"tsc": "bin/tsc",
				"tsserver": "bin/tsserver"
			},
			"engines": {
				"node": ">=14.17"
			}
		},
		"node_modules/undici-types": {
			"version": "6.21.0",
			"resolved": "https://registry.npmjs.org/undici-types/-/undici-types-6.21.0.tgz",
			"integrity": "sha512-iwDZqg0QAGrg9Rav5H4n0M64c3mkR59cJ6wQp+7C4nI0gsmExaedaYLNO44eT4AtBBwjbTiGPMlt2Md0T9H9JQ==",
			"dev": true,
			"license": "MIT"
		}
	}
}
